// !$*UTF8*$!
{
	archiveVersion = 1;
	classes = {
	};
	objectVersion = 50;
	objects = {

/* Begin PBXBuildFile section */
		13A9EC7425C124BB00E11D34 /* AppDelegate.swift in Sources */ = {isa = PBXBuildFile; fileRef = 13A9EC7325C124BB00E11D34 /* AppDelegate.swift */; };
		13A9EC7625C124BB00E11D34 /* SceneDelegate.swift in Sources */ = {isa = PBXBuildFile; fileRef = 13A9EC7525C124BB00E11D34 /* SceneDelegate.swift */; };
		13A9EC7825C124BB00E11D34 /* MainViewController.swift in Sources */ = {isa = PBXBuildFile; fileRef = 13A9EC7725C124BB00E11D34 /* MainViewController.swift */; };
		13A9EC7D25C124BD00E11D34 /* Assets.xcassets in Resources */ = {isa = PBXBuildFile; fileRef = 13A9EC7C25C124BD00E11D34 /* Assets.xcassets */; };
		13A9EC8025C124BD00E11D34 /* LaunchScreen.storyboard in Resources */ = {isa = PBXBuildFile; fileRef = 13A9EC7E25C124BD00E11D34 /* LaunchScreen.storyboard */; };
		13A9EC8B25C12ABA00E11D34 /* CancelButtonView.swift in Sources */ = {isa = PBXBuildFile; fileRef = 13A9EC8A25C12ABA00E11D34 /* CancelButtonView.swift */; };
		13A9EC8E25C12F7300E11D34 /* InstagramLogoView.swift in Sources */ = {isa = PBXBuildFile; fileRef = 13A9EC8D25C12F7300E11D34 /* InstagramLogoView.swift */; };
		13A9EC9125C133FF00E11D34 /* CredentialsEnterView.swift in Sources */ = {isa = PBXBuildFile; fileRef = 13A9EC9025C133FF00E11D34 /* CredentialsEnterView.swift */; };
		13A9EC9625C153A900E11D34 /* EnterButtonView.swift in Sources */ = {isa = PBXBuildFile; fileRef = 13A9EC9525C153A900E11D34 /* EnterButtonView.swift */; };
		13A9EC9925C157AC00E11D34 /* BreakingLinesView.swift in Sources */ = {isa = PBXBuildFile; fileRef = 13A9EC9825C157AC00E11D34 /* BreakingLinesView.swift */; };
		13A9EC9D25C15DD500E11D34 /* EnterByFacebookView.swift in Sources */ = {isa = PBXBuildFile; fileRef = 13A9EC9C25C15DD500E11D34 /* EnterByFacebookView.swift */; };
		13A9ECA325C172A100E11D34 /* RegisterButtonView.swift in Sources */ = {isa = PBXBuildFile; fileRef = 13A9ECA225C172A100E11D34 /* RegisterButtonView.swift */; };
/* End PBXBuildFile section */

/* Begin PBXFileReference section */
		13A9EC7025C124BB00E11D34 /* instagramLayout.app */ = {isa = PBXFileReference; explicitFileType = wrapper.application; includeInIndex = 0; path = instagramLayout.app; sourceTree = BUILT_PRODUCTS_DIR; };
		13A9EC7325C124BB00E11D34 /* AppDelegate.swift */ = {isa = PBXFileReference; lastKnownFileType = sourcecode.swift; path = AppDelegate.swift; sourceTree = "<group>"; };
		13A9EC7525C124BB00E11D34 /* SceneDelegate.swift */ = {isa = PBXFileReference; lastKnownFileType = sourcecode.swift; path = SceneDelegate.swift; sourceTree = "<group>"; };
		13A9EC7725C124BB00E11D34 /* MainViewController.swift */ = {isa = PBXFileReference; lastKnownFileType = sourcecode.swift; path = MainViewController.swift; sourceTree = "<group>"; };
		13A9EC7C25C124BD00E11D34 /* Assets.xcassets */ = {isa = PBXFileReference; lastKnownFileType = folder.assetcatalog; path = Assets.xcassets; sourceTree = "<group>"; };
		13A9EC7F25C124BD00E11D34 /* Base */ = {isa = PBXFileReference; lastKnownFileType = file.storyboard; name = Base; path = Base.lproj/LaunchScreen.storyboard; sourceTree = "<group>"; };
		13A9EC8125C124BD00E11D34 /* Info.plist */ = {isa = PBXFileReference; lastKnownFileType = text.plist.xml; path = Info.plist; sourceTree = "<group>"; };
		13A9EC8A25C12ABA00E11D34 /* CancelButtonView.swift */ = {isa = PBXFileReference; lastKnownFileType = sourcecode.swift; path = CancelButtonView.swift; sourceTree = "<group>"; };
		13A9EC8D25C12F7300E11D34 /* InstagramLogoView.swift */ = {isa = PBXFileReference; lastKnownFileType = sourcecode.swift; path = InstagramLogoView.swift; sourceTree = "<group>"; };
		13A9EC9025C133FF00E11D34 /* CredentialsEnterView.swift */ = {isa = PBXFileReference; lastKnownFileType = sourcecode.swift; path = CredentialsEnterView.swift; sourceTree = "<group>"; };
		13A9EC9525C153A900E11D34 /* EnterButtonView.swift */ = {isa = PBXFileReference; lastKnownFileType = sourcecode.swift; path = EnterButtonView.swift; sourceTree = "<group>"; };
		13A9EC9825C157AC00E11D34 /* BreakingLinesView.swift */ = {isa = PBXFileReference; lastKnownFileType = sourcecode.swift; path = BreakingLinesView.swift; sourceTree = "<group>"; };
		13A9EC9C25C15DD500E11D34 /* EnterByFacebookView.swift */ = {isa = PBXFileReference; lastKnownFileType = sourcecode.swift; path = EnterByFacebookView.swift; sourceTree = "<group>"; };
		13A9ECA225C172A100E11D34 /* RegisterButtonView.swift */ = {isa = PBXFileReference; lastKnownFileType = sourcecode.swift; path = RegisterButtonView.swift; sourceTree = "<group>"; };
/* End PBXFileReference section */

/* Begin PBXFrameworksBuildPhase section */
		13A9EC6D25C124BB00E11D34 /* Frameworks */ = {
			isa = PBXFrameworksBuildPhase;
			buildActionMask = 2147483647;
			files = (
			);
			runOnlyForDeploymentPostprocessing = 0;
		};
/* End PBXFrameworksBuildPhase section */

/* Begin PBXGroup section */
		1348891625C6B74E0091A7C1 /* Views */ = {
			isa = PBXGroup;
			children = (
				13A9EC8D25C12F7300E11D34 /* InstagramLogoView.swift */,
				13A9EC8A25C12ABA00E11D34 /* CancelButtonView.swift */,
				13A9EC9525C153A900E11D34 /* EnterButtonView.swift */,
				13A9EC9025C133FF00E11D34 /* CredentialsEnterView.swift */,
				13A9EC9825C157AC00E11D34 /* BreakingLinesView.swift */,
				13A9EC9C25C15DD500E11D34 /* EnterByFacebookView.swift */,
				13A9ECA225C172A100E11D34 /* RegisterButtonView.swift */,
			);
			path = Views;
			sourceTree = "<group>";
		};
		1348891725C6B7620091A7C1 /* Controller */ = {
			isa = PBXGroup;
			children = (
				13A9EC7725C124BB00E11D34 /* MainViewController.swift */,
			);
			path = Controller;
			sourceTree = "<group>";
		};
		1348891825C6B76D0091A7C1 /* Resources */ = {
			isa = PBXGroup;
			children = (
				13A9EC7C25C124BD00E11D34 /* Assets.xcassets */,
			);
			path = Resources;
			sourceTree = "<group>";
		};
		1348891925C6B7810091A7C1 /* More */ = {
			isa = PBXGroup;
			children = (
				13A9EC7325C124BB00E11D34 /* AppDelegate.swift */,
				13A9EC7525C124BB00E11D34 /* SceneDelegate.swift */,
				13A9EC7E25C124BD00E11D34 /* LaunchScreen.storyboard */,
			);
			path = More;
			sourceTree = "<group>";
		};
		1348891B25C6B97E0091A7C1 /* Model */ = {
			isa = PBXGroup;
			children = (
			);
			path = Model;
			sourceTree = "<group>";
		};
		13A9EC6725C124BB00E11D34 = {
			isa = PBXGroup;
			children = (
				13A9EC7225C124BB00E11D34 /* instagramLayout */,
				13A9EC7125C124BB00E11D34 /* Products */,
			);
			sourceTree = "<group>";
		};
		13A9EC7125C124BB00E11D34 /* Products */ = {
			isa = PBXGroup;
			children = (
				13A9EC7025C124BB00E11D34 /* instagramLayout.app */,
			);
			name = Products;
			sourceTree = "<group>";
		};
		13A9EC7225C124BB00E11D34 /* instagramLayout */ = {
			isa = PBXGroup;
			children = (
				1348891B25C6B97E0091A7C1 /* Model */,
				1348891925C6B7810091A7C1 /* More */,
				1348891825C6B76D0091A7C1 /* Resources */,
				1348891725C6B7620091A7C1 /* Controller */,
				1348891625C6B74E0091A7C1 /* Views */,
				13A9EC8125C124BD00E11D34 /* Info.plist */,
			);
			path = instagramLayout;
			sourceTree = "<group>";
		};
/* End PBXGroup section */

/* Begin PBXNativeTarget section */
		13A9EC6F25C124BB00E11D34 /* instagramLayout */ = {
			isa = PBXNativeTarget;
			buildConfigurationList = 13A9EC8425C124BD00E11D34 /* Build configuration list for PBXNativeTarget "instagramLayout" */;
			buildPhases = (
				13A9EC6C25C124BB00E11D34 /* Sources */,
				13A9EC6D25C124BB00E11D34 /* Frameworks */,
				13A9EC6E25C124BB00E11D34 /* Resources */,
			);
			buildRules = (
			);
			dependencies = (
			);
			name = instagramLayout;
			productName = instagramLayout;
			productReference = 13A9EC7025C124BB00E11D34 /* instagramLayout.app */;
			productType = "com.apple.product-type.application";
		};
/* End PBXNativeTarget section */

/* Begin PBXProject section */
		13A9EC6825C124BB00E11D34 /* Project object */ = {
			isa = PBXProject;
			attributes = {
				LastSwiftUpdateCheck = 1230;
				LastUpgradeCheck = 1230;
				TargetAttributes = {
					13A9EC6F25C124BB00E11D34 = {
						CreatedOnToolsVersion = 12.3;
					};
				};
			};
			buildConfigurationList = 13A9EC6B25C124BB00E11D34 /* Build configuration list for PBXProject "instagramLayout" */;
			compatibilityVersion = "Xcode 9.3";
			developmentRegion = en;
			hasScannedForEncodings = 0;
			knownRegions = (
				en,
				Base,
			);
			mainGroup = 13A9EC6725C124BB00E11D34;
			productRefGroup = 13A9EC7125C124BB00E11D34 /* Products */;
			projectDirPath = "";
			projectRoot = "";
			targets = (
				13A9EC6F25C124BB00E11D34 /* instagramLayout */,
			);
		};
/* End PBXProject section */

/* Begin PBXResourcesBuildPhase section */
		13A9EC6E25C124BB00E11D34 /* Resources */ = {
			isa = PBXResourcesBuildPhase;
			buildActionMask = 2147483647;
			files = (
				13A9EC8025C124BD00E11D34 /* LaunchScreen.storyboard in Resources */,
				13A9EC7D25C124BD00E11D34 /* Assets.xcassets in Resources */,
			);
			runOnlyForDeploymentPostprocessing = 0;
		};
/* End PBXResourcesBuildPhase section */

/* Begin PBXSourcesBuildPhase section */
		13A9EC6C25C124BB00E11D34 /* Sources */ = {
			isa = PBXSourcesBuildPhase;
			buildActionMask = 2147483647;
			files = (
				13A9EC9125C133FF00E11D34 /* CredentialsEnterView.swift in Sources */,
				13A9EC7825C124BB00E11D34 /* MainViewController.swift in Sources */,
				13A9EC7425C124BB00E11D34 /* AppDelegate.swift in Sources */,
				13A9ECA325C172A100E11D34 /* RegisterButtonView.swift in Sources */,
				13A9EC9925C157AC00E11D34 /* BreakingLinesView.swift in Sources */,
				13A9EC9625C153A900E11D34 /* EnterButtonView.swift in Sources */,
				13A9EC8E25C12F7300E11D34 /* InstagramLogoView.swift in Sources */,
				13A9EC8B25C12ABA00E11D34 /* CancelButtonView.swift in Sources */,
				13A9EC7625C124BB00E11D34 /* SceneDelegate.swift in Sources */,
				13A9EC9D25C15DD500E11D34 /* EnterByFacebookView.swift in Sources */,
			);
			runOnlyForDeploymentPostprocessing = 0;
		};
/* End PBXSourcesBuildPhase section */

/* Begin PBXVariantGroup section */
		13A9EC7E25C124BD00E11D34 /* LaunchScreen.storyboard */ = {
			isa = PBXVariantGroup;
			children = (
				13A9EC7F25C124BD00E11D34 /* Base */,
			);
			name = LaunchScreen.storyboard;
			sourceTree = "<group>";
		};
/* End PBXVariantGroup section */

/* Begin XCBuildConfiguration section */
		13A9EC8225C124BD00E11D34 /* Debug */ = {
			isa = XCBuildConfiguration;
			buildSettings = {
				ALWAYS_SEARCH_USER_PATHS = NO;
				CLANG_ANALYZER_NONNULL = YES;
				CLANG_ANALYZER_NUMBER_OBJECT_CONVERSION = YES_AGGRESSIVE;
				CLANG_CXX_LANGUAGE_STANDARD = "gnu++14";
				CLANG_CXX_LIBRARY = "libc++";
				CLANG_ENABLE_MODULES = YES;
				CLANG_ENABLE_OBJC_ARC = YES;
				CLANG_ENABLE_OBJC_WEAK = YES;
				CLANG_WARN_BLOCK_CAPTURE_AUTORELEASING = YES;
				CLANG_WARN_BOOL_CONVERSION = YES;
				CLANG_WARN_COMMA = YES;
				CLANG_WARN_CONSTANT_CONVERSION = YES;
				CLANG_WARN_DEPRECATED_OBJC_IMPLEMENTATIONS = YES;
				CLANG_WARN_DIRECT_OBJC_ISA_USAGE = YES_ERROR;
				CLANG_WARN_DOCUMENTATION_COMMENTS = YES;
				CLANG_WARN_EMPTY_BODY = YES;
				CLANG_WARN_ENUM_CONVERSION = YES;
				CLANG_WARN_INFINITE_RECURSION = YES;
				CLANG_WARN_INT_CONVERSION = YES;
				CLANG_WARN_NON_LITERAL_NULL_CONVERSION = YES;
				CLANG_WARN_OBJC_IMPLICIT_RETAIN_SELF = YES;
				CLANG_WARN_OBJC_LITERAL_CONVERSION = YES;
				CLANG_WARN_OBJC_ROOT_CLASS = YES_ERROR;
				CLANG_WARN_QUOTED_INCLUDE_IN_FRAMEWORK_HEADER = YES;
				CLANG_WARN_RANGE_LOOP_ANALYSIS = YES;
				CLANG_WARN_STRICT_PROTOTYPES = YES;
				CLANG_WARN_SUSPICIOUS_MOVE = YES;
				CLANG_WARN_UNGUARDED_AVAILABILITY = YES_AGGRESSIVE;
				CLANG_WARN_UNREACHABLE_CODE = YES;
				CLANG_WARN__DUPLICATE_METHOD_MATCH = YES;
				COPY_PHASE_STRIP = NO;
				DEBUG_INFORMATION_FORMAT = dwarf;
				ENABLE_STRICT_OBJC_MSGSEND = YES;
				ENABLE_TESTABILITY = YES;
				GCC_C_LANGUAGE_STANDARD = gnu11;
				GCC_DYNAMIC_NO_PIC = NO;
				GCC_NO_COMMON_BLOCKS = YES;
				GCC_OPTIMIZATION_LEVEL = 0;
				GCC_PREPROCESSOR_DEFINITIONS = (
					"DEBUG=1",
					"$(inherited)",
				);
				GCC_WARN_64_TO_32_BIT_CONVERSION = YES;
				GCC_WARN_ABOUT_RETURN_TYPE = YES_ERROR;
				GCC_WARN_UNDECLARED_SELECTOR = YES;
				GCC_WARN_UNINITIALIZED_AUTOS = YES_AGGRESSIVE;
				GCC_WARN_UNUSED_FUNCTION = YES;
				GCC_WARN_UNUSED_VARIABLE = YES;
				IPHONEOS_DEPLOYMENT_TARGET = 14.3;
				MTL_ENABLE_DEBUG_INFO = INCLUDE_SOURCE;
				MTL_FAST_MATH = YES;
				ONLY_ACTIVE_ARCH = YES;
				SDKROOT = iphoneos;
				SWIFT_ACTIVE_COMPILATION_CONDITIONS = DEBUG;
				SWIFT_OPTIMIZATION_LEVEL = "-Onone";
			};
			name = Debug;
		};
		13A9EC8325C124BD00E11D34 /* Release */ = {
			isa = XCBuildConfiguration;
			buildSettings = {
				ALWAYS_SEARCH_USER_PATHS = NO;
				CLANG_ANALYZER_NONNULL = YES;
				CLANG_ANALYZER_NUMBER_OBJECT_CONVERSION = YES_AGGRESSIVE;
				CLANG_CXX_LANGUAGE_STANDARD = "gnu++14";
				CLANG_CXX_LIBRARY = "libc++";
				CLANG_ENABLE_MODULES = YES;
				CLANG_ENABLE_OBJC_ARC = YES;
				CLANG_ENABLE_OBJC_WEAK = YES;
				CLANG_WARN_BLOCK_CAPTURE_AUTORELEASING = YES;
				CLANG_WARN_BOOL_CONVERSION = YES;
				CLANG_WARN_COMMA = YES;
				CLANG_WARN_CONSTANT_CONVERSION = YES;
				CLANG_WARN_DEPRECATED_OBJC_IMPLEMENTATIONS = YES;
				CLANG_WARN_DIRECT_OBJC_ISA_USAGE = YES_ERROR;
				CLANG_WARN_DOCUMENTATION_COMMENTS = YES;
				CLANG_WARN_EMPTY_BODY = YES;
				CLANG_WARN_ENUM_CONVERSION = YES;
				CLANG_WARN_INFINITE_RECURSION = YES;
				CLANG_WARN_INT_CONVERSION = YES;
				CLANG_WARN_NON_LITERAL_NULL_CONVERSION = YES;
				CLANG_WARN_OBJC_IMPLICIT_RETAIN_SELF = YES;
				CLANG_WARN_OBJC_LITERAL_CONVERSION = YES;
				CLANG_WARN_OBJC_ROOT_CLASS = YES_ERROR;
				CLANG_WARN_QUOTED_INCLUDE_IN_FRAMEWORK_HEADER = YES;
				CLANG_WARN_RANGE_LOOP_ANALYSIS = YES;
				CLANG_WARN_STRICT_PROTOTYPES = YES;
				CLANG_WARN_SUSPICIOUS_MOVE = YES;
				CLANG_WARN_UNGUARDED_AVAILABILITY = YES_AGGRESSIVE;
				CLANG_WARN_UNREACHABLE_CODE = YES;
				CLANG_WARN__DUPLICATE_METHOD_MATCH = YES;
				COPY_PHASE_STRIP = NO;
				DEBUG_INFORMATION_FORMAT = "dwarf-with-dsym";
				ENABLE_NS_ASSERTIONS = NO;
				ENABLE_STRICT_OBJC_MSGSEND = YES;
				GCC_C_LANGUAGE_STANDARD = gnu11;
				GCC_NO_COMMON_BLOCKS = YES;
				GCC_WARN_64_TO_32_BIT_CONVERSION = YES;
				GCC_WARN_ABOUT_RETURN_TYPE = YES_ERROR;
				GCC_WARN_UNDECLARED_SELECTOR = YES;
				GCC_WARN_UNINITIALIZED_AUTOS = YES_AGGRESSIVE;
				GCC_WARN_UNUSED_FUNCTION = YES;
				GCC_WARN_UNUSED_VARIABLE = YES;
				IPHONEOS_DEPLOYMENT_TARGET = 14.3;
				MTL_ENABLE_DEBUG_INFO = NO;
				MTL_FAST_MATH = YES;
				SDKROOT = iphoneos;
				SWIFT_COMPILATION_MODE = wholemodule;
				SWIFT_OPTIMIZATION_LEVEL = "-O";
				VALIDATE_PRODUCT = YES;
			};
			name = Release;
		};
		13A9EC8525C124BD00E11D34 /* Debug */ = {
			isa = XCBuildConfiguration;
			buildSettings = {
				ASSETCATALOG_COMPILER_APPICON_NAME = AppIcon;
				ASSETCATALOG_COMPILER_GLOBAL_ACCENT_COLOR_NAME = AccentColor;
				CODE_SIGN_STYLE = Automatic;
				DEVELOPMENT_TEAM = D49586A22K;
				INFOPLIST_FILE = instagramLayout/Info.plist;
				LD_RUNPATH_SEARCH_PATHS = (
					"$(inherited)",
					"@executable_path/Frameworks",
				);
				PRODUCT_BUNDLE_IDENTIFIER = com.meruyerttass.instagramLayout;
				PRODUCT_NAME = "$(TARGET_NAME)";
				SWIFT_VERSION = 5.0;
				TARGETED_DEVICE_FAMILY = 1;
			};
			name = Debug;
		};
		13A9EC8625C124BD00E11D34 /* Release */ = {
			isa = XCBuildConfiguration;
			buildSettings = {
				ASSETCATALOG_COMPILER_APPICON_NAME = AppIcon;
				ASSETCATALOG_COMPILER_GLOBAL_ACCENT_COLOR_NAME = AccentColor;
				CODE_SIGN_STYLE = Automatic;
				DEVELOPMENT_TEAM = D49586A22K;
				INFOPLIST_FILE = instagramLayout/Info.plist;
				LD_RUNPATH_SEARCH_PATHS = (
					"$(inherited)",
					"@executable_path/Frameworks",
				);
				PRODUCT_BUNDLE_IDENTIFIER = com.meruyerttass.instagramLayout;
				PRODUCT_NAME = "$(TARGET_NAME)";
				SWIFT_VERSION = 5.0;
				TARGETED_DEVICE_FAMILY = 1;
			};
			name = Release;
		};
/* End XCBuildConfiguration section */

/* Begin XCConfigurationList section */
		13A9EC6B25C124BB00E11D34 /* Build configuration list for PBXProject "instagramLayout" */ = {
			isa = XCConfigurationList;
			buildConfigurations = (
				13A9EC8225C124BD00E11D34 /* Debug */,
				13A9EC8325C124BD00E11D34 /* Release */,
			);
			defaultConfigurationIsVisible = 0;
			defaultConfigurationName = Release;
		};
		13A9EC8425C124BD00E11D34 /* Build configuration list for PBXNativeTarget "instagramLayout" */ = {
			isa = XCConfigurationList;
			buildConfigurations = (
				13A9EC8525C124BD00E11D34 /* Debug */,
				13A9EC8625C124BD00E11D34 /* Release */,
			);
			defaultConfigurationIsVisible = 0;
			defaultConfigurationName = Release;
		};
/* End XCConfigurationList section */
	};
	rootObject = 13A9EC6825C124BB00E11D34 /* Project object */;
}
